// !$*UTF8*$!
{
	archiveVersion = 1;
	classes = {
	};
	objectVersion = 55;
	objects = {

/* Begin PBXBuildFile section */
		1F2AEE4929D3D81400824635 /* MovieListModels.swift in Sources */ = {isa = PBXBuildFile; fileRef = 1F2AEE4829D3D81400824635 /* MovieListModels.swift */; };
		1F2AEE4C29D40A7C00824635 /* MovieTableViewCell.swift in Sources */ = {isa = PBXBuildFile; fileRef = 1F2AEE4B29D40A7C00824635 /* MovieTableViewCell.swift */; };
		1F2AEE4E29D40ADE00824635 /* UILabel+EXT.swift in Sources */ = {isa = PBXBuildFile; fileRef = 1F2AEE4D29D40ADE00824635 /* UILabel+EXT.swift */; };
		1F2AEE5029D40B3000824635 /* MovieCollectionViewCell.swift in Sources */ = {isa = PBXBuildFile; fileRef = 1F2AEE4F29D40B3000824635 /* MovieCollectionViewCell.swift */; };
		1F2AEE5229D40B6600824635 /* UIImageView+EXT.swift in Sources */ = {isa = PBXBuildFile; fileRef = 1F2AEE5129D40B6600824635 /* UIImageView+EXT.swift */; };
		1F2AEE5429D40BEE00824635 /* Constants.swift in Sources */ = {isa = PBXBuildFile; fileRef = 1F2AEE5329D40BEE00824635 /* Constants.swift */; };
		1F2AEE5729D4134700824635 /* CacheManager.swift in Sources */ = {isa = PBXBuildFile; fileRef = 1F2AEE5629D4134700824635 /* CacheManager.swift */; };
		1F2AEE5929D416B800824635 /* RequestModel.swift in Sources */ = {isa = PBXBuildFile; fileRef = 1F2AEE5829D416B800824635 /* RequestModel.swift */; };
		1F2AEE5B29D43A7800824635 /* MovieBannerCollectionView.swift in Sources */ = {isa = PBXBuildFile; fileRef = 1F2AEE5A29D43A7800824635 /* MovieBannerCollectionView.swift */; };
		1F2AEE5E29D43B0500824635 /* MovieBanner.swift in Sources */ = {isa = PBXBuildFile; fileRef = 1F2AEE5D29D43B0500824635 /* MovieBanner.swift */; };
		1F2AEE6529D4535F00824635 /* VideoManager.swift in Sources */ = {isa = PBXBuildFile; fileRef = 1F2AEE6429D4535F00824635 /* VideoManager.swift */; };
		1F2AEE6729D465F400824635 /* VideoViewController.swift in Sources */ = {isa = PBXBuildFile; fileRef = 1F2AEE6629D465F400824635 /* VideoViewController.swift */; };
		1FA2F63429D326DC00E743B0 /* AppDelegate.swift in Sources */ = {isa = PBXBuildFile; fileRef = 1FA2F63329D326DC00E743B0 /* AppDelegate.swift */; };
		1FA2F63629D326DC00E743B0 /* SceneDelegate.swift in Sources */ = {isa = PBXBuildFile; fileRef = 1FA2F63529D326DC00E743B0 /* SceneDelegate.swift */; };
		1FA2F63829D326DC00E743B0 /* MovieListViewController.swift in Sources */ = {isa = PBXBuildFile; fileRef = 1FA2F63729D326DC00E743B0 /* MovieListViewController.swift */; };
		1FA2F63D29D326DE00E743B0 /* Assets.xcassets in Resources */ = {isa = PBXBuildFile; fileRef = 1FA2F63C29D326DE00E743B0 /* Assets.xcassets */; };
		1FA2F64029D326DE00E743B0 /* LaunchScreen.storyboard in Resources */ = {isa = PBXBuildFile; fileRef = 1FA2F63E29D326DE00E743B0 /* LaunchScreen.storyboard */; };
		1FA2F64F29D3283C00E743B0 /* Genres.swift in Sources */ = {isa = PBXBuildFile; fileRef = 1FA2F64E29D3283C00E743B0 /* Genres.swift */; };
		1FA2F65129D3287400E743B0 /* Movie.swift in Sources */ = {isa = PBXBuildFile; fileRef = 1FA2F65029D3287400E743B0 /* Movie.swift */; };
		1FA2F65429D3291000E743B0 /* Alamofire in Frameworks */ = {isa = PBXBuildFile; productRef = 1FA2F65329D3291000E743B0 /* Alamofire */; };
		1FA2F65629D3292900E743B0 /* APIService.swift in Sources */ = {isa = PBXBuildFile; fileRef = 1FA2F65529D3292900E743B0 /* APIService.swift */; };
		1FA2F65829D3295B00E743B0 /* NetworkConstants.swift in Sources */ = {isa = PBXBuildFile; fileRef = 1FA2F65729D3295B00E743B0 /* NetworkConstants.swift */; };
		1FA2F65D29D32E0D00E743B0 /* MovieListWorker.swift in Sources */ = {isa = PBXBuildFile; fileRef = 1FA2F65C29D32E0D00E743B0 /* MovieListWorker.swift */; };
		1FA2F66129D32E2900E743B0 /* MovieListInteractor.swift in Sources */ = {isa = PBXBuildFile; fileRef = 1FA2F66029D32E2900E743B0 /* MovieListInteractor.swift */; };
		1FA2F66329D32E3400E743B0 /* MovieListRouter.swift in Sources */ = {isa = PBXBuildFile; fileRef = 1FA2F66229D32E3400E743B0 /* MovieListRouter.swift */; };
		1FA2F66529D32E4000E743B0 /* MovieListPresenter.swift in Sources */ = {isa = PBXBuildFile; fileRef = 1FA2F66429D32E4000E743B0 /* MovieListPresenter.swift */; };
		1FA2F66829D332E900E743B0 /* BaseViewController.swift in Sources */ = {isa = PBXBuildFile; fileRef = 1FA2F66729D332E900E743B0 /* BaseViewController.swift */; };
		1FA2F66E29D33E5600E743B0 /* SnapKit in Frameworks */ = {isa = PBXBuildFile; productRef = 1FA2F66D29D33E5600E743B0 /* SnapKit */; };
/* End PBXBuildFile section */

/* Begin PBXFileReference section */
		1F2AEE4829D3D81400824635 /* MovieListModels.swift */ = {isa = PBXFileReference; lastKnownFileType = sourcecode.swift; path = MovieListModels.swift; sourceTree = "<group>"; };
		1F2AEE4B29D40A7C00824635 /* MovieTableViewCell.swift */ = {isa = PBXFileReference; lastKnownFileType = sourcecode.swift; path = MovieTableViewCell.swift; sourceTree = "<group>"; };
		1F2AEE4D29D40ADE00824635 /* UILabel+EXT.swift */ = {isa = PBXFileReference; lastKnownFileType = sourcecode.swift; path = "UILabel+EXT.swift"; sourceTree = "<group>"; };
		1F2AEE4F29D40B3000824635 /* MovieCollectionViewCell.swift */ = {isa = PBXFileReference; lastKnownFileType = sourcecode.swift; path = MovieCollectionViewCell.swift; sourceTree = "<group>"; };
		1F2AEE5129D40B6600824635 /* UIImageView+EXT.swift */ = {isa = PBXFileReference; lastKnownFileType = sourcecode.swift; path = "UIImageView+EXT.swift"; sourceTree = "<group>"; };
		1F2AEE5329D40BEE00824635 /* Constants.swift */ = {isa = PBXFileReference; lastKnownFileType = sourcecode.swift; path = Constants.swift; sourceTree = "<group>"; };
		1F2AEE5629D4134700824635 /* CacheManager.swift */ = {isa = PBXFileReference; lastKnownFileType = sourcecode.swift; path = CacheManager.swift; sourceTree = "<group>"; };
		1F2AEE5829D416B800824635 /* RequestModel.swift */ = {isa = PBXFileReference; lastKnownFileType = sourcecode.swift; path = RequestModel.swift; sourceTree = "<group>"; };
		1F2AEE5A29D43A7800824635 /* MovieBannerCollectionView.swift */ = {isa = PBXFileReference; lastKnownFileType = sourcecode.swift; path = MovieBannerCollectionView.swift; sourceTree = "<group>"; };
		1F2AEE5D29D43B0500824635 /* MovieBanner.swift */ = {isa = PBXFileReference; lastKnownFileType = sourcecode.swift; path = MovieBanner.swift; sourceTree = "<group>"; };
		1F2AEE6429D4535F00824635 /* VideoManager.swift */ = {isa = PBXFileReference; lastKnownFileType = sourcecode.swift; path = VideoManager.swift; sourceTree = "<group>"; };
		1F2AEE6629D465F400824635 /* VideoViewController.swift */ = {isa = PBXFileReference; lastKnownFileType = sourcecode.swift; path = VideoViewController.swift; sourceTree = "<group>"; };
		1FA2F63029D326DC00E743B0 /* BeinSports.app */ = {isa = PBXFileReference; explicitFileType = wrapper.application; includeInIndex = 0; path = BeinSports.app; sourceTree = BUILT_PRODUCTS_DIR; };
		1FA2F63329D326DC00E743B0 /* AppDelegate.swift */ = {isa = PBXFileReference; lastKnownFileType = sourcecode.swift; path = AppDelegate.swift; sourceTree = "<group>"; };
		1FA2F63529D326DC00E743B0 /* SceneDelegate.swift */ = {isa = PBXFileReference; lastKnownFileType = sourcecode.swift; path = SceneDelegate.swift; sourceTree = "<group>"; };
		1FA2F63729D326DC00E743B0 /* MovieListViewController.swift */ = {isa = PBXFileReference; lastKnownFileType = sourcecode.swift; path = MovieListViewController.swift; sourceTree = "<group>"; };
		1FA2F63C29D326DE00E743B0 /* Assets.xcassets */ = {isa = PBXFileReference; lastKnownFileType = folder.assetcatalog; path = Assets.xcassets; sourceTree = "<group>"; };
		1FA2F63F29D326DE00E743B0 /* Base */ = {isa = PBXFileReference; lastKnownFileType = file.storyboard; name = Base; path = Base.lproj/LaunchScreen.storyboard; sourceTree = "<group>"; };
		1FA2F64129D326DE00E743B0 /* Info.plist */ = {isa = PBXFileReference; lastKnownFileType = text.plist.xml; path = Info.plist; sourceTree = "<group>"; };
		1FA2F64E29D3283C00E743B0 /* Genres.swift */ = {isa = PBXFileReference; lastKnownFileType = sourcecode.swift; path = Genres.swift; sourceTree = "<group>"; };
		1FA2F65029D3287400E743B0 /* Movie.swift */ = {isa = PBXFileReference; lastKnownFileType = sourcecode.swift; path = Movie.swift; sourceTree = "<group>"; };
		1FA2F65529D3292900E743B0 /* APIService.swift */ = {isa = PBXFileReference; lastKnownFileType = sourcecode.swift; path = APIService.swift; sourceTree = "<group>"; };
		1FA2F65729D3295B00E743B0 /* NetworkConstants.swift */ = {isa = PBXFileReference; lastKnownFileType = sourcecode.swift; path = NetworkConstants.swift; sourceTree = "<group>"; };
		1FA2F65C29D32E0D00E743B0 /* MovieListWorker.swift */ = {isa = PBXFileReference; lastKnownFileType = sourcecode.swift; path = MovieListWorker.swift; sourceTree = "<group>"; };
		1FA2F66029D32E2900E743B0 /* MovieListInteractor.swift */ = {isa = PBXFileReference; lastKnownFileType = sourcecode.swift; path = MovieListInteractor.swift; sourceTree = "<group>"; };
		1FA2F66229D32E3400E743B0 /* MovieListRouter.swift */ = {isa = PBXFileReference; lastKnownFileType = sourcecode.swift; path = MovieListRouter.swift; sourceTree = "<group>"; };
		1FA2F66429D32E4000E743B0 /* MovieListPresenter.swift */ = {isa = PBXFileReference; lastKnownFileType = sourcecode.swift; path = MovieListPresenter.swift; sourceTree = "<group>"; };
		1FA2F66729D332E900E743B0 /* BaseViewController.swift */ = {isa = PBXFileReference; lastKnownFileType = sourcecode.swift; path = BaseViewController.swift; sourceTree = "<group>"; };
/* End PBXFileReference section */

/* Begin PBXFrameworksBuildPhase section */
		1FA2F62D29D326DC00E743B0 /* Frameworks */ = {
			isa = PBXFrameworksBuildPhase;
			buildActionMask = 2147483647;
			files = (
				1FA2F65429D3291000E743B0 /* Alamofire in Frameworks */,
				1FA2F66E29D33E5600E743B0 /* SnapKit in Frameworks */,
			);
			runOnlyForDeploymentPostprocessing = 0;
		};
/* End PBXFrameworksBuildPhase section */

/* Begin PBXGroup section */
		1F2AEE4A29D40A7000824635 /* MovieList */ = {
			isa = PBXGroup;
			children = (
				1F2AEE5C29D43AF000824635 /* Banner */,
				1F2AEE4B29D40A7C00824635 /* MovieTableViewCell.swift */,
				1F2AEE4F29D40B3000824635 /* MovieCollectionViewCell.swift */,
				1F2AEE6629D465F400824635 /* VideoViewController.swift */,
			);
			path = MovieList;
			sourceTree = "<group>";
		};
		1F2AEE5529D4133C00824635 /* CacheManager */ = {
			isa = PBXGroup;
			children = (
				1F2AEE5629D4134700824635 /* CacheManager.swift */,
			);
			path = CacheManager;
			sourceTree = "<group>";
		};
		1F2AEE5C29D43AF000824635 /* Banner */ = {
			isa = PBXGroup;
			children = (
				1F2AEE5A29D43A7800824635 /* MovieBannerCollectionView.swift */,
				1F2AEE5D29D43B0500824635 /* MovieBanner.swift */,
			);
			path = Banner;
			sourceTree = "<group>";
		};
		1F2AEE6329D4535500824635 /* VideoManager */ = {
			isa = PBXGroup;
			children = (
				1F2AEE6429D4535F00824635 /* VideoManager.swift */,
			);
			path = VideoManager;
			sourceTree = "<group>";
		};
		1FA2F62729D326DC00E743B0 = {
			isa = PBXGroup;
			children = (
				1FA2F63229D326DC00E743B0 /* BeinSports */,
				1FA2F63129D326DC00E743B0 /* Products */,
			);
			sourceTree = "<group>";
		};
		1FA2F63129D326DC00E743B0 /* Products */ = {
			isa = PBXGroup;
			children = (
				1FA2F63029D326DC00E743B0 /* BeinSports.app */,
			);
			name = Products;
			sourceTree = "<group>";
		};
		1FA2F63229D326DC00E743B0 /* BeinSports */ = {
			isa = PBXGroup;
			children = (
				1FA2F64729D3272D00E743B0 /* App */,
				1FA2F64829D3273300E743B0 /* Manager */,
				1FA2F64D29D3275100E743B0 /* Models */,
				1FA2F64C29D3274B00E743B0 /* Resources */,
				1FA2F64B29D3274500E743B0 /* Scenes */,
				1FA2F64A29D3274000E743B0 /* Utilities */,
				1FA2F64929D3273B00E743B0 /* View */,
			);
			path = BeinSports;
			sourceTree = "<group>";
		};
		1FA2F64729D3272D00E743B0 /* App */ = {
			isa = PBXGroup;
			children = (
				1FA2F63329D326DC00E743B0 /* AppDelegate.swift */,
				1FA2F63529D326DC00E743B0 /* SceneDelegate.swift */,
			);
			path = App;
			sourceTree = "<group>";
		};
		1FA2F64829D3273300E743B0 /* Manager */ = {
			isa = PBXGroup;
			children = (
				1F2AEE6329D4535500824635 /* VideoManager */,
				1F2AEE5529D4133C00824635 /* CacheManager */,
				1FA2F65929D32D4000E743B0 /* Service */,
			);
			path = Manager;
			sourceTree = "<group>";
		};
		1FA2F64929D3273B00E743B0 /* View */ = {
			isa = PBXGroup;
			children = (
				1F2AEE4A29D40A7000824635 /* MovieList */,
				1FA2F63E29D326DE00E743B0 /* LaunchScreen.storyboard */,
			);
			path = View;
			sourceTree = "<group>";
		};
		1FA2F64A29D3274000E743B0 /* Utilities */ = {
			isa = PBXGroup;
			children = (
				1F2AEE4D29D40ADE00824635 /* UILabel+EXT.swift */,
				1F2AEE5129D40B6600824635 /* UIImageView+EXT.swift */,
			);
			path = Utilities;
			sourceTree = "<group>";
		};
		1FA2F64B29D3274500E743B0 /* Scenes */ = {
			isa = PBXGroup;
			children = (
				1FA2F66629D332D700E743B0 /* Base */,
				1FA2F65B29D32DF900E743B0 /* MovieList */,
			);
			path = Scenes;
			sourceTree = "<group>";
		};
		1FA2F64C29D3274B00E743B0 /* Resources */ = {
			isa = PBXGroup;
			children = (
				1FA2F63C29D326DE00E743B0 /* Assets.xcassets */,
				1FA2F64129D326DE00E743B0 /* Info.plist */,
				1FA2F65729D3295B00E743B0 /* NetworkConstants.swift */,
				1F2AEE5329D40BEE00824635 /* Constants.swift */,
			);
			path = Resources;
			sourceTree = "<group>";
		};
		1FA2F64D29D3275100E743B0 /* Models */ = {
			isa = PBXGroup;
			children = (
				1FA2F64E29D3283C00E743B0 /* Genres.swift */,
				1FA2F65029D3287400E743B0 /* Movie.swift */,
				1F2AEE5829D416B800824635 /* RequestModel.swift */,
			);
			path = Models;
			sourceTree = "<group>";
		};
		1FA2F65929D32D4000E743B0 /* Service */ = {
			isa = PBXGroup;
			children = (
				1FA2F65529D3292900E743B0 /* APIService.swift */,
			);
			path = Service;
			sourceTree = "<group>";
		};
		1FA2F65B29D32DF900E743B0 /* MovieList */ = {
			isa = PBXGroup;
			children = (
				1FA2F63729D326DC00E743B0 /* MovieListViewController.swift */,
				1FA2F65C29D32E0D00E743B0 /* MovieListWorker.swift */,
				1FA2F66029D32E2900E743B0 /* MovieListInteractor.swift */,
				1FA2F66229D32E3400E743B0 /* MovieListRouter.swift */,
				1FA2F66429D32E4000E743B0 /* MovieListPresenter.swift */,
				1F2AEE4829D3D81400824635 /* MovieListModels.swift */,
			);
			path = MovieList;
			sourceTree = "<group>";
		};
		1FA2F66629D332D700E743B0 /* Base */ = {
			isa = PBXGroup;
			children = (
				1FA2F66729D332E900E743B0 /* BaseViewController.swift */,
			);
			path = Base;
			sourceTree = "<group>";
		};
/* End PBXGroup section */

/* Begin PBXNativeTarget section */
		1FA2F62F29D326DC00E743B0 /* BeinSports */ = {
			isa = PBXNativeTarget;
			buildConfigurationList = 1FA2F64429D326DE00E743B0 /* Build configuration list for PBXNativeTarget "BeinSports" */;
			buildPhases = (
				1FA2F62C29D326DC00E743B0 /* Sources */,
				1FA2F62D29D326DC00E743B0 /* Frameworks */,
				1FA2F62E29D326DC00E743B0 /* Resources */,
			);
			buildRules = (
			);
			dependencies = (
			);
			name = BeinSports;
			packageProductDependencies = (
				1FA2F65329D3291000E743B0 /* Alamofire */,
				1FA2F66D29D33E5600E743B0 /* SnapKit */,
			);
			productName = BeinSports;
			productReference = 1FA2F63029D326DC00E743B0 /* BeinSports.app */;
			productType = "com.apple.product-type.application";
		};
/* End PBXNativeTarget section */

/* Begin PBXProject section */
		1FA2F62829D326DC00E743B0 /* Project object */ = {
			isa = PBXProject;
			attributes = {
				BuildIndependentTargetsInParallel = 1;
				LastSwiftUpdateCheck = 1330;
				LastUpgradeCheck = 1330;
				TargetAttributes = {
					1FA2F62F29D326DC00E743B0 = {
						CreatedOnToolsVersion = 13.3;
					};
				};
			};
			buildConfigurationList = 1FA2F62B29D326DC00E743B0 /* Build configuration list for PBXProject "BeinSports" */;
			compatibilityVersion = "Xcode 13.0";
			developmentRegion = en;
			hasScannedForEncodings = 0;
			knownRegions = (
				en,
				Base,
			);
			mainGroup = 1FA2F62729D326DC00E743B0;
			packageReferences = (
				1FA2F65229D3291000E743B0 /* XCRemoteSwiftPackageReference "Alamofire" */,
				1FA2F66C29D33E5600E743B0 /* XCRemoteSwiftPackageReference "SnapKit" */,
			);
			productRefGroup = 1FA2F63129D326DC00E743B0 /* Products */;
			projectDirPath = "";
			projectRoot = "";
			targets = (
				1FA2F62F29D326DC00E743B0 /* BeinSports */,
			);
		};
/* End PBXProject section */

/* Begin PBXResourcesBuildPhase section */
		1FA2F62E29D326DC00E743B0 /* Resources */ = {
			isa = PBXResourcesBuildPhase;
			buildActionMask = 2147483647;
			files = (
				1FA2F64029D326DE00E743B0 /* LaunchScreen.storyboard in Resources */,
				1FA2F63D29D326DE00E743B0 /* Assets.xcassets in Resources */,
			);
			runOnlyForDeploymentPostprocessing = 0;
		};
/* End PBXResourcesBuildPhase section */

/* Begin PBXSourcesBuildPhase section */
		1FA2F62C29D326DC00E743B0 /* Sources */ = {
			isa = PBXSourcesBuildPhase;
			buildActionMask = 2147483647;
			files = (
				1FA2F65829D3295B00E743B0 /* NetworkConstants.swift in Sources */,
				1FA2F66129D32E2900E743B0 /* MovieListInteractor.swift in Sources */,
				1F2AEE6729D465F400824635 /* VideoViewController.swift in Sources */,
				1F2AEE5E29D43B0500824635 /* MovieBanner.swift in Sources */,
				1F2AEE4C29D40A7C00824635 /* MovieTableViewCell.swift in Sources */,
				1FA2F63829D326DC00E743B0 /* MovieListViewController.swift in Sources */,
				1FA2F66329D32E3400E743B0 /* MovieListRouter.swift in Sources */,
				1FA2F63429D326DC00E743B0 /* AppDelegate.swift in Sources */,
				1FA2F66829D332E900E743B0 /* BaseViewController.swift in Sources */,
				1FA2F63629D326DC00E743B0 /* SceneDelegate.swift in Sources */,
				1FA2F64F29D3283C00E743B0 /* Genres.swift in Sources */,
				1F2AEE5229D40B6600824635 /* UIImageView+EXT.swift in Sources */,
				1F2AEE5B29D43A7800824635 /* MovieBannerCollectionView.swift in Sources */,
				1F2AEE4929D3D81400824635 /* MovieListModels.swift in Sources */,
				1FA2F65629D3292900E743B0 /* APIService.swift in Sources */,
				1F2AEE4E29D40ADE00824635 /* UILabel+EXT.swift in Sources */,
				1F2AEE5729D4134700824635 /* CacheManager.swift in Sources */,
				1FA2F65D29D32E0D00E743B0 /* MovieListWorker.swift in Sources */,
				1F2AEE5929D416B800824635 /* RequestModel.swift in Sources */,
				1FA2F66529D32E4000E743B0 /* MovieListPresenter.swift in Sources */,
				1FA2F65129D3287400E743B0 /* Movie.swift in Sources */,
				1F2AEE5029D40B3000824635 /* MovieCollectionViewCell.swift in Sources */,
				1F2AEE5429D40BEE00824635 /* Constants.swift in Sources */,
				1F2AEE6529D4535F00824635 /* VideoManager.swift in Sources */,
			);
			runOnlyForDeploymentPostprocessing = 0;
		};
/* End PBXSourcesBuildPhase section */

/* Begin PBXVariantGroup section */
		1FA2F63E29D326DE00E743B0 /* LaunchScreen.storyboard */ = {
			isa = PBXVariantGroup;
			children = (
				1FA2F63F29D326DE00E743B0 /* Base */,
			);
			name = LaunchScreen.storyboard;
			sourceTree = "<group>";
		};
/* End PBXVariantGroup section */

/* Begin XCBuildConfiguration section */
		1FA2F64229D326DE00E743B0 /* Debug */ = {
			isa = XCBuildConfiguration;
			buildSettings = {
				ALWAYS_SEARCH_USER_PATHS = NO;
				CLANG_ANALYZER_NONNULL = YES;
				CLANG_ANALYZER_NUMBER_OBJECT_CONVERSION = YES_AGGRESSIVE;
				CLANG_CXX_LANGUAGE_STANDARD = "gnu++17";
				CLANG_ENABLE_MODULES = YES;
				CLANG_ENABLE_OBJC_ARC = YES;
				CLANG_ENABLE_OBJC_WEAK = YES;
				CLANG_WARN_BLOCK_CAPTURE_AUTORELEASING = YES;
				CLANG_WARN_BOOL_CONVERSION = YES;
				CLANG_WARN_COMMA = YES;
				CLANG_WARN_CONSTANT_CONVERSION = YES;
				CLANG_WARN_DEPRECATED_OBJC_IMPLEMENTATIONS = YES;
				CLANG_WARN_DIRECT_OBJC_ISA_USAGE = YES_ERROR;
				CLANG_WARN_DOCUMENTATION_COMMENTS = YES;
				CLANG_WARN_EMPTY_BODY = YES;
				CLANG_WARN_ENUM_CONVERSION = YES;
				CLANG_WARN_INFINITE_RECURSION = YES;
				CLANG_WARN_INT_CONVERSION = YES;
				CLANG_WARN_NON_LITERAL_NULL_CONVERSION = YES;
				CLANG_WARN_OBJC_IMPLICIT_RETAIN_SELF = YES;
				CLANG_WARN_OBJC_LITERAL_CONVERSION = YES;
				CLANG_WARN_OBJC_ROOT_CLASS = YES_ERROR;
				CLANG_WARN_QUOTED_INCLUDE_IN_FRAMEWORK_HEADER = YES;
				CLANG_WARN_RANGE_LOOP_ANALYSIS = YES;
				CLANG_WARN_STRICT_PROTOTYPES = YES;
				CLANG_WARN_SUSPICIOUS_MOVE = YES;
				CLANG_WARN_UNGUARDED_AVAILABILITY = YES_AGGRESSIVE;
				CLANG_WARN_UNREACHABLE_CODE = YES;
				CLANG_WARN__DUPLICATE_METHOD_MATCH = YES;
				COPY_PHASE_STRIP = NO;
				DEBUG_INFORMATION_FORMAT = dwarf;
				ENABLE_STRICT_OBJC_MSGSEND = YES;
				ENABLE_TESTABILITY = YES;
				GCC_C_LANGUAGE_STANDARD = gnu11;
				GCC_DYNAMIC_NO_PIC = NO;
				GCC_NO_COMMON_BLOCKS = YES;
				GCC_OPTIMIZATION_LEVEL = 0;
				GCC_PREPROCESSOR_DEFINITIONS = (
					"DEBUG=1",
					"$(inherited)",
				);
				GCC_WARN_64_TO_32_BIT_CONVERSION = YES;
				GCC_WARN_ABOUT_RETURN_TYPE = YES_ERROR;
				GCC_WARN_UNDECLARED_SELECTOR = YES;
				GCC_WARN_UNINITIALIZED_AUTOS = YES_AGGRESSIVE;
				GCC_WARN_UNUSED_FUNCTION = YES;
				GCC_WARN_UNUSED_VARIABLE = YES;
				IPHONEOS_DEPLOYMENT_TARGET = 15.4;
				MTL_ENABLE_DEBUG_INFO = INCLUDE_SOURCE;
				MTL_FAST_MATH = YES;
				ONLY_ACTIVE_ARCH = YES;
				SDKROOT = iphoneos;
				SWIFT_ACTIVE_COMPILATION_CONDITIONS = DEBUG;
				SWIFT_OPTIMIZATION_LEVEL = "-Onone";
			};
			name = Debug;
		};
		1FA2F64329D326DE00E743B0 /* Release */ = {
			isa = XCBuildConfiguration;
			buildSettings = {
				ALWAYS_SEARCH_USER_PATHS = NO;
				CLANG_ANALYZER_NONNULL = YES;
				CLANG_ANALYZER_NUMBER_OBJECT_CONVERSION = YES_AGGRESSIVE;
				CLANG_CXX_LANGUAGE_STANDARD = "gnu++17";
				CLANG_ENABLE_MODULES = YES;
				CLANG_ENABLE_OBJC_ARC = YES;
				CLANG_ENABLE_OBJC_WEAK = YES;
				CLANG_WARN_BLOCK_CAPTURE_AUTORELEASING = YES;
				CLANG_WARN_BOOL_CONVERSION = YES;
				CLANG_WARN_COMMA = YES;
				CLANG_WARN_CONSTANT_CONVERSION = YES;
				CLANG_WARN_DEPRECATED_OBJC_IMPLEMENTATIONS = YES;
				CLANG_WARN_DIRECT_OBJC_ISA_USAGE = YES_ERROR;
				CLANG_WARN_DOCUMENTATION_COMMENTS = YES;
				CLANG_WARN_EMPTY_BODY = YES;
				CLANG_WARN_ENUM_CONVERSION = YES;
				CLANG_WARN_INFINITE_RECURSION = YES;
				CLANG_WARN_INT_CONVERSION = YES;
				CLANG_WARN_NON_LITERAL_NULL_CONVERSION = YES;
				CLANG_WARN_OBJC_IMPLICIT_RETAIN_SELF = YES;
				CLANG_WARN_OBJC_LITERAL_CONVERSION = YES;
				CLANG_WARN_OBJC_ROOT_CLASS = YES_ERROR;
				CLANG_WARN_QUOTED_INCLUDE_IN_FRAMEWORK_HEADER = YES;
				CLANG_WARN_RANGE_LOOP_ANALYSIS = YES;
				CLANG_WARN_STRICT_PROTOTYPES = YES;
				CLANG_WARN_SUSPICIOUS_MOVE = YES;
				CLANG_WARN_UNGUARDED_AVAILABILITY = YES_AGGRESSIVE;
				CLANG_WARN_UNREACHABLE_CODE = YES;
				CLANG_WARN__DUPLICATE_METHOD_MATCH = YES;
				COPY_PHASE_STRIP = NO;
				DEBUG_INFORMATION_FORMAT = "dwarf-with-dsym";
				ENABLE_NS_ASSERTIONS = NO;
				ENABLE_STRICT_OBJC_MSGSEND = YES;
				GCC_C_LANGUAGE_STANDARD = gnu11;
				GCC_NO_COMMON_BLOCKS = YES;
				GCC_WARN_64_TO_32_BIT_CONVERSION = YES;
				GCC_WARN_ABOUT_RETURN_TYPE = YES_ERROR;
				GCC_WARN_UNDECLARED_SELECTOR = YES;
				GCC_WARN_UNINITIALIZED_AUTOS = YES_AGGRESSIVE;
				GCC_WARN_UNUSED_FUNCTION = YES;
				GCC_WARN_UNUSED_VARIABLE = YES;
				IPHONEOS_DEPLOYMENT_TARGET = 15.4;
				MTL_ENABLE_DEBUG_INFO = NO;
				MTL_FAST_MATH = YES;
				SDKROOT = iphoneos;
				SWIFT_COMPILATION_MODE = wholemodule;
				SWIFT_OPTIMIZATION_LEVEL = "-O";
				VALIDATE_PRODUCT = YES;
			};
			name = Release;
		};
		1FA2F64529D326DE00E743B0 /* Debug */ = {
			isa = XCBuildConfiguration;
			buildSettings = {
				ASSETCATALOG_COMPILER_APPICON_NAME = AppIcon;
				ASSETCATALOG_COMPILER_GLOBAL_ACCENT_COLOR_NAME = AccentColor;
				CODE_SIGN_STYLE = Automatic;
				CURRENT_PROJECT_VERSION = 1;
				DEVELOPMENT_TEAM = HSF4893TH5;
				GENERATE_INFOPLIST_FILE = YES;
				INFOPLIST_FILE = BeinSports/Resources/Info.plist;
				INFOPLIST_KEY_UIApplicationSupportsIndirectInputEvents = YES;
				INFOPLIST_KEY_UILaunchStoryboardName = LaunchScreen;
				INFOPLIST_KEY_UISupportedInterfaceOrientations_iPad = "UIInterfaceOrientationPortrait UIInterfaceOrientationPortraitUpsideDown UIInterfaceOrientationLandscapeLeft UIInterfaceOrientationLandscapeRight";
				INFOPLIST_KEY_UISupportedInterfaceOrientations_iPhone = "UIInterfaceOrientationPortrait UIInterfaceOrientationLandscapeLeft UIInterfaceOrientationLandscapeRight";
				LD_RUNPATH_SEARCH_PATHS = (
					"$(inherited)",
					"@executable_path/Frameworks",
				);
				MARKETING_VERSION = 1.0;
				PRODUCT_BUNDLE_IDENTIFIER = com.akinaksoy.BeinSports;
				PRODUCT_NAME = "$(TARGET_NAME)";
				SWIFT_EMIT_LOC_STRINGS = YES;
				SWIFT_VERSION = 5.0;
				TARGETED_DEVICE_FAMILY = "1,2";
			};
			name = Debug;
		};
		1FA2F64629D326DE00E743B0 /* Release */ = {
			isa = XCBuildConfiguration;
			buildSettings = {
				ASSETCATALOG_COMPILER_APPICON_NAME = AppIcon;
				ASSETCATALOG_COMPILER_GLOBAL_ACCENT_COLOR_NAME = AccentColor;
				CODE_SIGN_STYLE = Automatic;
				CURRENT_PROJECT_VERSION = 1;
				DEVELOPMENT_TEAM = HSF4893TH5;
				GENERATE_INFOPLIST_FILE = YES;
				INFOPLIST_FILE = BeinSports/Resources/Info.plist;
				INFOPLIST_KEY_UIApplicationSupportsIndirectInputEvents = YES;
				INFOPLIST_KEY_UILaunchStoryboardName = LaunchScreen;
				INFOPLIST_KEY_UISupportedInterfaceOrientations_iPad = "UIInterfaceOrientationPortrait UIInterfaceOrientationPortraitUpsideDown UIInterfaceOrientationLandscapeLeft UIInterfaceOrientationLandscapeRight";
				INFOPLIST_KEY_UISupportedInterfaceOrientations_iPhone = "UIInterfaceOrientationPortrait UIInterfaceOrientationLandscapeLeft UIInterfaceOrientationLandscapeRight";
				LD_RUNPATH_SEARCH_PATHS = (
					"$(inherited)",
					"@executable_path/Frameworks",
				);
				MARKETING_VERSION = 1.0;
				PRODUCT_BUNDLE_IDENTIFIER = com.akinaksoy.BeinSports;
				PRODUCT_NAME = "$(TARGET_NAME)";
				SWIFT_EMIT_LOC_STRINGS = YES;
				SWIFT_VERSION = 5.0;
				TARGETED_DEVICE_FAMILY = "1,2";
			};
			name = Release;
		};
/* End XCBuildConfiguration section */

/* Begin XCConfigurationList section */
		1FA2F62B29D326DC00E743B0 /* Build configuration list for PBXProject "BeinSports" */ = {
			isa = XCConfigurationList;
			buildConfigurations = (
				1FA2F64229D326DE00E743B0 /* Debug */,
				1FA2F64329D326DE00E743B0 /* Release */,
			);
			defaultConfigurationIsVisible = 0;
			defaultConfigurationName = Release;
		};
		1FA2F64429D326DE00E743B0 /* Build configuration list for PBXNativeTarget "BeinSports" */ = {
			isa = XCConfigurationList;
			buildConfigurations = (
				1FA2F64529D326DE00E743B0 /* Debug */,
				1FA2F64629D326DE00E743B0 /* Release */,
			);
			defaultConfigurationIsVisible = 0;
			defaultConfigurationName = Release;
		};
/* End XCConfigurationList section */

/* Begin XCRemoteSwiftPackageReference section */
		1FA2F65229D3291000E743B0 /* XCRemoteSwiftPackageReference "Alamofire" */ = {
			isa = XCRemoteSwiftPackageReference;
			repositoryURL = "https://github.com/Alamofire/Alamofire.git";
			requirement = {
				branch = master;
				kind = branch;
			};
		};
		1FA2F66C29D33E5600E743B0 /* XCRemoteSwiftPackageReference "SnapKit" */ = {
			isa = XCRemoteSwiftPackageReference;
			repositoryURL = "https://github.com/SnapKit/SnapKit.git";
			requirement = {
				branch = develop;
				kind = branch;
			};
		};
/* End XCRemoteSwiftPackageReference section */

/* Begin XCSwiftPackageProductDependency section */
		1FA2F65329D3291000E743B0 /* Alamofire */ = {
			isa = XCSwiftPackageProductDependency;
			package = 1FA2F65229D3291000E743B0 /* XCRemoteSwiftPackageReference "Alamofire" */;
			productName = Alamofire;
		};
		1FA2F66D29D33E5600E743B0 /* SnapKit */ = {
			isa = XCSwiftPackageProductDependency;
			package = 1FA2F66C29D33E5600E743B0 /* XCRemoteSwiftPackageReference "SnapKit" */;
			productName = SnapKit;
		};
/* End XCSwiftPackageProductDependency section */
	};
	rootObject = 1FA2F62829D326DC00E743B0 /* Project object */;
}
